
Microsoft Visual Studio Solution File, Format Version 12.00
# Visual Studio Version 17
VisualStudioVersion = 17.2.32630.192
MinimumVisualStudioVersion = 10.0.40219.1
Project("{FAE04EC0-301F-11D3-BF4B-00C04F79EFBC}") = "VenatorWebApp", "VenatorWebApp.csproj", "{6CAEE986-A19A-4056-BD90-3899ACEA3E83}"
EndProject
Global
	GlobalSection(SolutionConfigurationPlatforms) = preSolution
		Debug|Any CPU = Debug|Any CPU
		Release|Any CPU = Release|Any CPU
	EndGlobalSection
	GlobalSection(ProjectConfigurationPlatforms) = postSolution
		{6CAEE986-A19A-4056-BD90-3899ACEA3E83}.Debug|Any CPU.ActiveCfg = Debug|Any CPU
		{6CAEE986-A19A-4056-BD90-3899ACEA3E83}.Debug|Any CPU.Build.0 = Debug|Any CPU
		{6CAEE986-A19A-4056-BD90-3899ACEA3E83}.Release|Any CPU.ActiveCfg = Release|Any CPU
		{6CAEE986-A19A-4056-BD90-3899ACEA3E83}.Release|Any CPU.Build.0 = Release|Any CPU
	EndGlobalSection
	GlobalSection(SolutionProperties) = preSolution
		HideSolutionNode = FALSE
	EndGlobalSection
	GlobalSection(ExtensibilityGlobals) = postSolution
		SolutionGuid = {F7B4B04F-EAEC-47A3-A459-3DF3E8B8FE0F}
	EndGlobalSection
EndGlobal
